
Microsoft Visual Studio Solution File, Format Version 12.00
# Visual Studio Version 16
VisualStudioVersion = 16.0.31911.196
MinimumVisualStudioVersion = 10.0.40219.1
Project("{8BC9CEB8-8B4A-11D0-8D11-00A0C91BC942}") = "ConsoleApplication1", "ConsoleApplication1\ConsoleApplication1.vcxproj", "{72F3D061-833A-4297-84DB-6E311074E6F2}"
EndProject
Global
	GlobalSection(SolutionConfigurationPlatforms) = preSolution
		Debug|x64 = Debug|x64
		Debug|x86 = Debug|x86
		Release|x64 = Release|x64
		Release|x86 = Release|x86
	EndGlobalSection
	GlobalSection(ProjectConfigurationPlatforms) = postSolution
		{72F3D061-833A-4297-84DB-6E311074E6F2}.Debug|x64.ActiveCfg = Debug|x64
		{72F3D061-833A-4297-84DB-6E311074E6F2}.Debug|x64.Build.0 = Debug|x64
		{72F3D061-833A-4297-84DB-6E311074E6F2}.Debug|x86.ActiveCfg = Debug|Win32
		{72F3D061-833A-4297-84DB-6E311074E6F2}.Debug|x86.Build.0 = Debug|Win32
		{72F3D061-833A-4297-84DB-6E311074E6F2}.Release|x64.ActiveCfg = Release|x64
		{72F3D061-833A-4297-84DB-6E311074E6F2}.Release|x64.Build.0 = Release|x64
		{72F3D061-833A-4297-84DB-6E311074E6F2}.Release|x86.ActiveCfg = Release|Win32
		{72F3D061-833A-4297-84DB-6E311074E6F2}.Release|x86.Build.0 = Release|Win32
	EndGlobalSection
	GlobalSection(SolutionProperties) = preSolution
		HideSolutionNode = FALSE
	EndGlobalSection
	GlobalSection(ExtensibilityGlobals) = postSolution
		SolutionGuid = {F49C440C-CEE1-4F36-B592-37D3529FF1E0}
	EndGlobalSection
EndGlobal
